// !$*UTF8*$!
{
	archiveVersion = 1;
	classes = {
	};
	objectVersion = 46;
	objects = {

/* Begin PBXAggregateTarget section */
		1B411DA308884FBEBF6742D9 /* Qt Preprocess */ = {
			isa = PBXAggregateTarget;
			buildConfigurationList = 6CC3B5D2136C7CD6A5CF5A59 /* Build configuration list for PBXNativeTarget "libTimelineView" */;
			buildPhases = (
				5E618435888B9D49F8540165 /* Qt Qmake */,
				7EF0942E79C014DCEC8976BC /* Qt Preprocessors */,
			);
			dependencies = (
			);
			name = "Qt Preprocess";
			productName = "Qt Preprocess";
		};
/* End PBXAggregateTarget section */

/* Begin PBXBuildFile section */
		081281A09D1D623CB2C4D90F /* QtGui.framework in Link Binary With Libraries */ = {isa = PBXBuildFile; fileRef = 1F8E6A5DDD4C70F650CB9078 /* QtGui.framework */; };
		097DBC33AEC224EE18E7D871 /* MediaCropDialog.cpp in Compile Sources */ = {isa = PBXBuildFile; fileRef = E908A0CDB467E0959AA18672 /* MediaCropDialog.cpp */; settings = {ATTRIBUTES = (); }; };
		134696EBE8F9FDE823C1FBFE /* ThumbnailExtractHelper.cpp in Compile Sources */ = {isa = PBXBuildFile; fileRef = 7724D5E87662770BA7D0B3B9 /* ThumbnailExtractHelper.cpp */; settings = {ATTRIBUTES = (); }; };
		265F6BD3A22CF4F13D750D37 /* QtCore.framework in Link Binary With Libraries */ = {isa = PBXBuildFile; fileRef = 319F7CEFD3DC3D982898F084 /* QtCore.framework */; };
		27E235813768ADB60E835BFC /* main_test.cpp in Compile Sources */ = {isa = PBXBuildFile; fileRef = 0220C8ABFC787BC216277D41 /* main_test.cpp */; settings = {ATTRIBUTES = (); }; };
		38C83E25FFFAE3CBD056EF40 /* timelineviewtrack.cpp in Compile Sources */ = {isa = PBXBuildFile; fileRef = 68FA11628F940E75D85ADDFB /* timelineviewtrack.cpp */; settings = {ATTRIBUTES = (); }; };
		3AD84C1721CA290529601B0E /* stdafx.cpp in Compile Sources */ = {isa = PBXBuildFile; fileRef = 6FCE0DC9CDCA6796EF817139 /* stdafx.cpp */; settings = {ATTRIBUTES = (); }; };
		3AF6843F27CDC4BEAA4FF4B8 /* TimelineManager.cpp in Compile Sources */ = {isa = PBXBuildFile; fileRef = 15AB9C7667E9BCF49F3DE7C2 /* TimelineManager.cpp */; settings = {ATTRIBUTES = (); }; };
		490535D4B9056722F1D492F9 /* ComplexClipController.cpp in Compile Sources */ = {isa = PBXBuildFile; fileRef = 595DE73A325821485783D010 /* ComplexClipController.cpp */; settings = {ATTRIBUTES = (); }; };
		506DC4D35207020303824C06 /* TrackBase.cpp in Compile Sources */ = {isa = PBXBuildFile; fileRef = 10E8D1096E407E3575970E3B /* TrackBase.cpp */; settings = {ATTRIBUTES = (); }; };
		5E21795E61B1CE0EEFC87D77 /* OperatorBase.cpp in Compile Sources */ = {isa = PBXBuildFile; fileRef = EE1DDDE4B7DF41765167524F /* OperatorBase.cpp */; settings = {ATTRIBUTES = (); }; };
		6F22C5629A8E1F19B2687443 /* ClipBase.cpp in Compile Sources */ = {isa = PBXBuildFile; fileRef = B5207011B5C1A61EB79358D3 /* ClipBase.cpp */; settings = {ATTRIBUTES = (); }; };
		840B6DB31DD011D800FF70B6 /* libMediaPlayerView.dylib in Link Binary With Libraries */ = {isa = PBXBuildFile; fileRef = 840B6DB21DD011D800FF70B6 /* libMediaPlayerView.dylib */; };
		840B6DDB1DD0656700FF70B6 /* libCaptionEditorView.dylib in Link Binary With Libraries */ = {isa = PBXBuildFile; fileRef = 840B6DDA1DD0656700FF70B6 /* libCaptionEditorView.dylib */; };
		8484069A1DE5452200FF7354 /* moc_ClipBase.cpp in Compile Sources */ = {isa = PBXBuildFile; fileRef = 8484068E1DE5452200FF7354 /* moc_ClipBase.cpp */; };
		8484069B1DE5452200FF7354 /* moc_Command.cpp in Compile Sources */ = {isa = PBXBuildFile; fileRef = 8484068F1DE5452200FF7354 /* moc_Command.cpp */; };
		8484069C1DE5452200FF7354 /* moc_ComplexClipController.cpp in Compile Sources */ = {isa = PBXBuildFile; fileRef = 848406901DE5452200FF7354 /* moc_ComplexClipController.cpp */; };
		8484069D1DE5452200FF7354 /* moc_MediaCropDialog.cpp in Compile Sources */ = {isa = PBXBuildFile; fileRef = 848406911DE5452200FF7354 /* moc_MediaCropDialog.cpp */; };
		8484069E1DE5452200FF7354 /* moc_ThumbnailExtractHelper.cpp in Compile Sources */ = {isa = PBXBuildFile; fileRef = 848406921DE5452200FF7354 /* moc_ThumbnailExtractHelper.cpp */; };
		8484069F1DE5452200FF7354 /* moc_ThumbnailExtractor.cpp in Compile Sources */ = {isa = PBXBuildFile; fileRef = 848406931DE5452200FF7354 /* moc_ThumbnailExtractor.cpp */; };
		848406A01DE5452300FF7354 /* moc_timelinecommon.cpp in Compile Sources */ = {isa = PBXBuildFile; fileRef = 848406941DE5452200FF7354 /* moc_timelinecommon.cpp */; };
		848406A11DE5452300FF7354 /* moc_TimelineManager.cpp in Compile Sources */ = {isa = PBXBuildFile; fileRef = 848406951DE5452200FF7354 /* moc_TimelineManager.cpp */; };
		848406A21DE5452300FF7354 /* moc_timelineviewprivate.cpp in Compile Sources */ = {isa = PBXBuildFile; fileRef = 848406961DE5452200FF7354 /* moc_timelineviewprivate.cpp */; };
		848406A31DE5452300FF7354 /* moc_timelineviewtrack.cpp in Compile Sources */ = {isa = PBXBuildFile; fileRef = 848406971DE5452200FF7354 /* moc_timelineviewtrack.cpp */; };
		848406A41DE5452300FF7354 /* moc_TrackBase.cpp in Compile Sources */ = {isa = PBXBuildFile; fileRef = 848406981DE5452200FF7354 /* moc_TrackBase.cpp */; };
		848406A51DE5452300FF7354 /* moc_TrackManager.cpp in Compile Sources */ = {isa = PBXBuildFile; fileRef = 848406991DE5452200FF7354 /* moc_TrackManager.cpp */; };
		848406A71DE5458400FF7354 /* qrc_timelineview.cpp in Compile Sources */ = {isa = PBXBuildFile; fileRef = 848406A61DE5458400FF7354 /* qrc_timelineview.cpp */; };
		848406AA1DE5462E00FF7354 /* timelinecontrol.cpp in Compile Sources */ = {isa = PBXBuildFile; fileRef = 848406A81DE5462E00FF7354 /* timelinecontrol.cpp */; };
		848406AC1DE5467500FF7354 /* moc_timelinecontrol.cpp in Compile Sources */ = {isa = PBXBuildFile; fileRef = 848406AB1DE5467500FF7354 /* moc_timelinecontrol.cpp */; };
		84D37F611DD558300095806B /* moc_TimelineView.cpp in Compile Sources */ = {isa = PBXBuildFile; fileRef = 84D37F541DD558300095806B /* moc_TimelineView.cpp */; };
		84EFA8EA1DCD7683001A6BC4 /* QtWidgets.framework in Link Binary With Libraries */ = {isa = PBXBuildFile; fileRef = 84EFA8E91DCD7683001A6BC4 /* QtWidgets.framework */; };
		84EFA8EE1DCD76AF001A6BC4 /* libNLEGUID.a in Link Binary With Libraries */ = {isa = PBXBuildFile; fileRef = 84EFA8EC1DCD76AF001A6BC4 /* libNLEGUID.a */; };
		84EFA8F21DCD778C001A6BC4 /* libCommonLib.dylib in Link Binary With Libraries */ = {isa = PBXBuildFile; fileRef = 84EFA8F11DCD778C001A6BC4 /* libCommonLib.dylib */; };
		84EFA8F41DCD77F2001A6BC4 /* libNLEKey.dylib in Link Binary With Libraries */ = {isa = PBXBuildFile; fileRef = 84EFA8F31DCD77F2001A6BC4 /* libNLEKey.dylib */; };
		8771A8C96E9C391044035D99 /* OpenGL.framework in Link Binary With Libraries */ = {isa = PBXBuildFile; fileRef = D4B32C2222F82AC56BADEB21 /* OpenGL.framework */; };
		8D267F2E4776F0ECA2F49DC8 /* IOKit.framework in Link Binary With Libraries */ = {isa = PBXBuildFile; fileRef = A1A67BEAA744704B29168D39 /* IOKit.framework */; };
		A99B2AA0F9CBBDD12BA126A4 /* DiskArbitration.framework in Link Binary With Libraries */ = {isa = PBXBuildFile; fileRef = 2B774D8E4178765CE52EAAF5 /* DiskArbitration.framework */; };
		AAC1992311EC0A91866D0CDD /* timelineviewprivate.cpp in Compile Sources */ = {isa = PBXBuildFile; fileRef = 8816F6576ED34B5136D507B2 /* timelineviewprivate.cpp */; settings = {ATTRIBUTES = (); }; };
		B0B5586199543588C1055605 /* Command.cpp in Compile Sources */ = {isa = PBXBuildFile; fileRef = B1958E437A4896EADD16B722 /* Command.cpp */; settings = {ATTRIBUTES = (); }; };
		C46E7F46C0EAEC4EA2998F51 /* TrackManager.cpp in Compile Sources */ = {isa = PBXBuildFile; fileRef = 4240DD8A48068AC09387F0A7 /* TrackManager.cpp */; settings = {ATTRIBUTES = (); }; };
		DDF153D2FDB59A2E6A660AE0 /* ThumbnailExtractor.cpp in Compile Sources */ = {isa = PBXBuildFile; fileRef = ED53ED9B3EE596074D8873CB /* ThumbnailExtractor.cpp */; settings = {ATTRIBUTES = (); }; };
		E36A901E139F623BA4AC0A47 /* timelinecommon.cpp in Compile Sources */ = {isa = PBXBuildFile; fileRef = 421445AE939AB4D5588DB7AC /* timelinecommon.cpp */; settings = {ATTRIBUTES = (); }; };
		E45E51A644D5FC9F942ECE55 /* AGL.framework in Link Binary With Libraries */ = {isa = PBXBuildFile; fileRef = 8D9815BDB5BD9F90D2BC05C5 /* AGL.framework */; };
/* End PBXBuildFile section */

/* Begin PBXContainerItemProxy section */
		84EFA8E41DCD72EE001A6BC4 /* PBXContainerItemProxy */ = {
			isa = PBXContainerItemProxy;
			containerPortal = 6DB9C3763D02B1415CD9D565 /* Project object */;
			proxyType = 1;
			remoteGlobalIDString = 1B411DA308884FBEBF6742D9;
			remoteInfo = "Qt Preprocess";
		};
/* End PBXContainerItemProxy section */

/* Begin PBXFileReference section */
		0220C8ABFC787BC216277D41 /* main_test.cpp */ = {isa = PBXFileReference; lastKnownFileType = sourcecode.cpp.cpp; name = main_test.cpp; path = ./main_test.cpp; sourceTree = "<absolute>"; };
		10E8D1096E407E3575970E3B /* TrackBase.cpp */ = {isa = PBXFileReference; lastKnownFileType = sourcecode.cpp.cpp; name = TrackBase.cpp; path = ./TimelineManager/TrackBase.cpp; sourceTree = "<absolute>"; };
		15AB9C7667E9BCF49F3DE7C2 /* TimelineManager.cpp */ = {isa = PBXFileReference; lastKnownFileType = sourcecode.cpp.cpp; name = TimelineManager.cpp; path = ./TimelineManager/TimelineManager.cpp; sourceTree = "<absolute>"; };
		1F8E6A5DDD4C70F650CB9078 /* QtGui.framework */ = {isa = PBXFileReference; lastKnownFileType = wrapper.framework; name = QtGui.framework; path = ../../../../Qt5.4.1/5.4/clang_64/lib/QtGui.framework; sourceTree = "<absolute>"; };
		2B774D8E4178765CE52EAAF5 /* DiskArbitration.framework */ = {isa = PBXFileReference; lastKnownFileType = wrapper.framework; name = DiskArbitration.framework; path = /System/Library/Frameworks/DiskArbitration.framework; sourceTree = "<absolute>"; };
		319F7CEFD3DC3D982898F084 /* QtCore.framework */ = {isa = PBXFileReference; lastKnownFileType = wrapper.framework; name = QtCore.framework; path = ../../../../Qt5.4.1/5.4/clang_64/lib/QtCore.framework; sourceTree = "<absolute>"; };
		3AA2F0ED153A6EDAAFF11AD4 /* TimelineView.pro */ = {isa = PBXFileReference; lastKnownFileType = text; name = TimelineView.pro; path = ./TimelineView.pro; sourceTree = "<absolute>"; };
		421445AE939AB4D5588DB7AC /* timelinecommon.cpp */ = {isa = PBXFileReference; lastKnownFileType = sourcecode.cpp.cpp; name = timelinecommon.cpp; path = ./timelinecommon.cpp; sourceTree = "<absolute>"; };
		4240DD8A48068AC09387F0A7 /* TrackManager.cpp */ = {isa = PBXFileReference; lastKnownFileType = sourcecode.cpp.cpp; name = TrackManager.cpp; path = ./TimelineManager/TrackManager.cpp; sourceTree = "<absolute>"; };
		485C80D88AC22482A0309B69 /* ThumbnailExtractor.h */ = {isa = PBXFileReference; lastKnownFileType = sourcecode.c.h; name = ThumbnailExtractor.h; path = ./TimelineManager/ThumbnailExtractor.h; sourceTree = "<absolute>"; };
		487EBBFE8CCA2974AF1B455D /* TimelineManager.h */ = {isa = PBXFileReference; lastKnownFileType = sourcecode.c.h; name = TimelineManager.h; path = ./TimelineManager/TimelineManager.h; sourceTree = "<absolute>"; };
		544FCEC11B91205E852BA799 /* TrackManager.h */ = {isa = PBXFileReference; lastKnownFileType = sourcecode.c.h; name = TrackManager.h; path = ./TimelineManager/TrackManager.h; sourceTree = "<absolute>"; };
		595DE73A325821485783D010 /* ComplexClipController.cpp */ = {isa = PBXFileReference; lastKnownFileType = sourcecode.cpp.cpp; name = ComplexClipController.cpp; path = ./TimelineManager/ComplexClipController.cpp; sourceTree = "<absolute>"; };
		64307B0C161680386B9FC37E /* TypeDefine.h */ = {isa = PBXFileReference; lastKnownFileType = sourcecode.c.h; name = TypeDefine.h; path = ./TimelineManager/TypeDefine.h; sourceTree = "<absolute>"; };
		68FA11628F940E75D85ADDFB /* timelineviewtrack.cpp */ = {isa = PBXFileReference; lastKnownFileType = sourcecode.cpp.cpp; name = timelineviewtrack.cpp; path = ./timelineviewtrack.cpp; sourceTree = "<absolute>"; };
		6FCE0DC9CDCA6796EF817139 /* stdafx.cpp */ = {isa = PBXFileReference; lastKnownFileType = sourcecode.cpp.cpp; name = stdafx.cpp; path = ./stdafx.cpp; sourceTree = "<absolute>"; };
		739435AFF90B3580BBE5F63A /* stdafx.h */ = {isa = PBXFileReference; lastKnownFileType = sourcecode.c.h; name = stdafx.h; path = ./stdafx.h; sourceTree = "<absolute>"; };
		762993C0A216AD71C0C9F167 /* TrackBase.h */ = {isa = PBXFileReference; lastKnownFileType = sourcecode.c.h; name = TrackBase.h; path = ./TimelineManager/TrackBase.h; sourceTree = "<absolute>"; };
		7724D5E87662770BA7D0B3B9 /* ThumbnailExtractHelper.cpp */ = {isa = PBXFileReference; lastKnownFileType = sourcecode.cpp.cpp; name = ThumbnailExtractHelper.cpp; path = ./TimelineManager/ThumbnailExtractHelper.cpp; sourceTree = "<absolute>"; };
		7894A0DAC68A801BC22397DE /* timelineview.qrc */ = {isa = PBXFileReference; lastKnownFileType = text; name = timelineview.qrc; path = ./timelineview.qrc; sourceTree = "<absolute>"; };
		814735F1B24F43E53CD5DCC5 /* ClipBase.h */ = {isa = PBXFileReference; lastKnownFileType = sourcecode.c.h; name = ClipBase.h; path = ./TimelineManager/ClipBase.h; sourceTree = "<absolute>"; };
		840B6DB21DD011D800FF70B6 /* libMediaPlayerView.dylib */ = {isa = PBXFileReference; lastKnownFileType = "compiled.mach-o.dylib"; name = libMediaPlayerView.dylib; path = Users/admin/Documents/project/NLEPreview/bin/Mac/Debug/libMediaPlayerView.dylib; sourceTree = "<group>"; };
		840B6DDA1DD0656700FF70B6 /* libCaptionEditorView.dylib */ = {isa = PBXFileReference; lastKnownFileType = "compiled.mach-o.dylib"; name = libCaptionEditorView.dylib; path = Users/admin/Documents/project/NLEPreview/bin/Mac/Debug/libCaptionEditorView.dylib; sourceTree = "<group>"; };
		8484068E1DE5452200FF7354 /* moc_ClipBase.cpp */ = {isa = PBXFileReference; fileEncoding = 4; lastKnownFileType = sourcecode.cpp.cpp; name = moc_ClipBase.cpp; path = GeneratedFiles/moc_ClipBase.cpp; sourceTree = SOURCE_ROOT; };
		8484068F1DE5452200FF7354 /* moc_Command.cpp */ = {isa = PBXFileReference; fileEncoding = 4; lastKnownFileType = sourcecode.cpp.cpp; name = moc_Command.cpp; path = GeneratedFiles/moc_Command.cpp; sourceTree = SOURCE_ROOT; };
		848406901DE5452200FF7354 /* moc_ComplexClipController.cpp */ = {isa = PBXFileReference; fileEncoding = 4; lastKnownFileType = sourcecode.cpp.cpp; name = moc_ComplexClipController.cpp; path = GeneratedFiles/moc_ComplexClipController.cpp; sourceTree = SOURCE_ROOT; };
		848406911DE5452200FF7354 /* moc_MediaCropDialog.cpp */ = {isa = PBXFileReference; fileEncoding = 4; lastKnownFileType = sourcecode.cpp.cpp; name = moc_MediaCropDialog.cpp; path = GeneratedFiles/moc_MediaCropDialog.cpp; sourceTree = SOURCE_ROOT; };
		848406921DE5452200FF7354 /* moc_ThumbnailExtractHelper.cpp */ = {isa = PBXFileReference; fileEncoding = 4; lastKnownFileType = sourcecode.cpp.cpp; name = moc_ThumbnailExtractHelper.cpp; path = GeneratedFiles/moc_ThumbnailExtractHelper.cpp; sourceTree = SOURCE_ROOT; };
		848406931DE5452200FF7354 /* moc_ThumbnailExtractor.cpp */ = {isa = PBXFileReference; fileEncoding = 4; lastKnownFileType = sourcecode.cpp.cpp; name = moc_ThumbnailExtractor.cpp; path = GeneratedFiles/moc_ThumbnailExtractor.cpp; sourceTree = SOURCE_ROOT; };
		848406941DE5452200FF7354 /* moc_timelinecommon.cpp */ = {isa = PBXFileReference; fileEncoding = 4; lastKnownFileType = sourcecode.cpp.cpp; name = moc_timelinecommon.cpp; path = GeneratedFiles/moc_timelinecommon.cpp; sourceTree = SOURCE_ROOT; };
		848406951DE5452200FF7354 /* moc_TimelineManager.cpp */ = {isa = PBXFileReference; fileEncoding = 4; lastKnownFileType = sourcecode.cpp.cpp; name = moc_TimelineManager.cpp; path = GeneratedFiles/moc_TimelineManager.cpp; sourceTree = SOURCE_ROOT; };
		848406961DE5452200FF7354 /* moc_timelineviewprivate.cpp */ = {isa = PBXFileReference; fileEncoding = 4; lastKnownFileType = sourcecode.cpp.cpp; name = moc_timelineviewprivate.cpp; path = GeneratedFiles/moc_timelineviewprivate.cpp; sourceTree = SOURCE_ROOT; };
		848406971DE5452200FF7354 /* moc_timelineviewtrack.cpp */ = {isa = PBXFileReference; fileEncoding = 4; lastKnownFileType = sourcecode.cpp.cpp; name = moc_timelineviewtrack.cpp; path = GeneratedFiles/moc_timelineviewtrack.cpp; sourceTree = SOURCE_ROOT; };
		848406981DE5452200FF7354 /* moc_TrackBase.cpp */ = {isa = PBXFileReference; fileEncoding = 4; lastKnownFileType = sourcecode.cpp.cpp; name = moc_TrackBase.cpp; path = GeneratedFiles/moc_TrackBase.cpp; sourceTree = SOURCE_ROOT; };
		848406991DE5452200FF7354 /* moc_TrackManager.cpp */ = {isa = PBXFileReference; fileEncoding = 4; lastKnownFileType = sourcecode.cpp.cpp; name = moc_TrackManager.cpp; path = GeneratedFiles/moc_TrackManager.cpp; sourceTree = SOURCE_ROOT; };
		848406A61DE5458400FF7354 /* qrc_timelineview.cpp */ = {isa = PBXFileReference; fileEncoding = 4; lastKnownFileType = sourcecode.cpp.cpp; name = qrc_timelineview.cpp; path = GeneratedFiles/qrc_timelineview.cpp; sourceTree = SOURCE_ROOT; };
		848406A81DE5462E00FF7354 /* timelinecontrol.cpp */ = {isa = PBXFileReference; fileEncoding = 4; lastKnownFileType = sourcecode.cpp.cpp; path = timelinecontrol.cpp; sourceTree = SOURCE_ROOT; };
		848406A91DE5462E00FF7354 /* timelinecontrol.h */ = {isa = PBXFileReference; fileEncoding = 4; lastKnownFileType = sourcecode.c.h; path = timelinecontrol.h; sourceTree = SOURCE_ROOT; };
		848406AB1DE5467500FF7354 /* moc_timelinecontrol.cpp */ = {isa = PBXFileReference; fileEncoding = 4; lastKnownFileType = sourcecode.cpp.cpp; name = moc_timelinecontrol.cpp; path = GeneratedFiles/moc_timelinecontrol.cpp; sourceTree = SOURCE_ROOT; };
		84D37F541DD558300095806B /* moc_TimelineView.cpp */ = {isa = PBXFileReference; fileEncoding = 4; lastKnownFileType = sourcecode.cpp.cpp; name = moc_TimelineView.cpp; path = GeneratedFiles/moc_TimelineView.cpp; sourceTree = SOURCE_ROOT; };
		84EFA8E91DCD7683001A6BC4 /* QtWidgets.framework */ = {isa = PBXFileReference; lastKnownFileType = wrapper.framework; name = QtWidgets.framework; path = Users/admin/Qt5.4.1/5.4/clang_64/lib/QtWidgets.framework; sourceTree = "<group>"; };
		84EFA8EB1DCD76AF001A6BC4 /* libNLECommon.dylib */ = {isa = PBXFileReference; lastKnownFileType = "compiled.mach-o.dylib"; name = libNLECommon.dylib; path = Users/admin/Documents/project/NLEPreview/bin/Mac/Debug/libNLECommon.dylib; sourceTree = "<group>"; };
		84EFA8EC1DCD76AF001A6BC4 /* libNLEGUID.a */ = {isa = PBXFileReference; lastKnownFileType = archive.ar; name = libNLEGUID.a; path = Users/admin/Documents/project/NLEPreview/bin/Mac/Debug/libNLEGUID.a; sourceTree = "<group>"; };
		84EFA8EF1DCD7703001A6BC4 /* libMatterView.dylib */ = {isa = PBXFileReference; lastKnownFileType = "compiled.mach-o.dylib"; name = libMatterView.dylib; path = Users/admin/Documents/project/NLEPreview/bin/Mac/Debug/libMatterView.dylib; sourceTree = "<group>"; };
		84EFA8F11DCD778C001A6BC4 /* libCommonLib.dylib */ = {isa = PBXFileReference; lastKnownFileType = "compiled.mach-o.dylib"; name = libCommonLib.dylib; path = Users/admin/Documents/project/NLEPreview/bin/Mac/Debug/libCommonLib.dylib; sourceTree = "<group>"; };
		84EFA8F31DCD77F2001A6BC4 /* libNLEKey.dylib */ = {isa = PBXFileReference; lastKnownFileType = "compiled.mach-o.dylib"; name = libNLEKey.dylib; path = Users/admin/Documents/project/NLEPreview/bin/Mac/Debug/libNLEKey.dylib; sourceTree = "<group>"; };
		8816F6576ED34B5136D507B2 /* timelineviewprivate.cpp */ = {isa = PBXFileReference; lastKnownFileType = sourcecode.cpp.cpp; name = timelineviewprivate.cpp; path = ./timelineviewprivate.cpp; sourceTree = "<absolute>"; };
		8D9815BDB5BD9F90D2BC05C5 /* AGL.framework */ = {isa = PBXFileReference; lastKnownFileType = wrapper.framework; name = AGL.framework; path = /System/Library/Frameworks/AGL.framework; sourceTree = "<absolute>"; };
		91E98CD5829C0996401AB249 /* timelineviewtrack.h */ = {isa = PBXFileReference; lastKnownFileType = sourcecode.c.h; name = timelineviewtrack.h; path = ./timelineviewtrack.h; sourceTree = "<absolute>"; };
		9A0466D9E302566BEA022528 /* MediaCropDialog.h */ = {isa = PBXFileReference; lastKnownFileType = sourcecode.c.h; name = MediaCropDialog.h; path = ./Tools/MediaCropDialog.h; sourceTree = "<absolute>"; };
		9C66A6C56F09AC3AF156B1E3 /* libTimelineView.dylib */ = {isa = PBXFileReference; explicitFileType = "compiled.mach-o.dylib"; includeInIndex = 0; path = libTimelineView.dylib; sourceTree = BUILT_PRODUCTS_DIR; };
		A1A67BEAA744704B29168D39 /* IOKit.framework */ = {isa = PBXFileReference; lastKnownFileType = wrapper.framework; name = IOKit.framework; path = /System/Library/Frameworks/IOKit.framework; sourceTree = "<absolute>"; };
		AA24021885A6CEC5FF145F75 /* Command.h */ = {isa = PBXFileReference; lastKnownFileType = sourcecode.c.h; name = Command.h; path = ./TimelineManager/Command.h; sourceTree = "<absolute>"; };
		AB745978DF0F41D1801ABDA6 /* .qmake.stash */ = {isa = PBXFileReference; lastKnownFileType = text; name = .qmake.stash; path = ./.qmake.stash; sourceTree = "<absolute>"; };
		B1958E437A4896EADD16B722 /* Command.cpp */ = {isa = PBXFileReference; lastKnownFileType = sourcecode.cpp.cpp; name = Command.cpp; path = ./TimelineManager/Command.cpp; sourceTree = "<absolute>"; };
		B5207011B5C1A61EB79358D3 /* ClipBase.cpp */ = {isa = PBXFileReference; lastKnownFileType = sourcecode.cpp.cpp; name = ClipBase.cpp; path = ./TimelineManager/ClipBase.cpp; sourceTree = "<absolute>"; };
		B7A3873AFCFDBD92168512A4 /* ThumbnailExtractHelper.h */ = {isa = PBXFileReference; lastKnownFileType = sourcecode.c.h; name = ThumbnailExtractHelper.h; path = ./TimelineManager/ThumbnailExtractHelper.h; sourceTree = "<absolute>"; };
		BF0EDA162BD6782971B3C70C /* ComplexClipController.h */ = {isa = PBXFileReference; lastKnownFileType = sourcecode.c.h; name = ComplexClipController.h; path = ./TimelineManager/ComplexClipController.h; sourceTree = "<absolute>"; };
		C6CFB1A3F65514D4569C16D4 /* OperatorBase.h */ = {isa = PBXFileReference; lastKnownFileType = sourcecode.c.h; name = OperatorBase.h; path = ./TimelineManager/OperatorBase.h; sourceTree = "<absolute>"; };
		D2FDE6FC40F732BC9101BB6A /* timelinecommon.h */ = {isa = PBXFileReference; lastKnownFileType = sourcecode.c.h; name = timelinecommon.h; path = ./timelinecommon.h; sourceTree = "<absolute>"; };
		D4B32C2222F82AC56BADEB21 /* OpenGL.framework */ = {isa = PBXFileReference; lastKnownFileType = wrapper.framework; name = OpenGL.framework; path = /System/Library/Frameworks/OpenGL.framework; sourceTree = "<absolute>"; };
		E0BC0B88491C95A06C2E381C /* timelineviewprivate.h */ = {isa = PBXFileReference; lastKnownFileType = sourcecode.c.h; name = timelineviewprivate.h; path = ./timelineviewprivate.h; sourceTree = "<absolute>"; };
		E908A0CDB467E0959AA18672 /* MediaCropDialog.cpp */ = {isa = PBXFileReference; lastKnownFileType = sourcecode.cpp.cpp; name = MediaCropDialog.cpp; path = ./Tools/MediaCropDialog.cpp; sourceTree = "<absolute>"; };
		ED53ED9B3EE596074D8873CB /* ThumbnailExtractor.cpp */ = {isa = PBXFileReference; lastKnownFileType = sourcecode.cpp.cpp; name = ThumbnailExtractor.cpp; path = ./TimelineManager/ThumbnailExtractor.cpp; sourceTree = "<absolute>"; };
		EE1DDDE4B7DF41765167524F /* OperatorBase.cpp */ = {isa = PBXFileReference; lastKnownFileType = sourcecode.cpp.cpp; name = OperatorBase.cpp; path = ./TimelineManager/OperatorBase.cpp; sourceTree = "<absolute>"; };
/* End PBXFileReference section */

/* Begin PBXFrameworksBuildPhase section */
		D1C883685E82D5676953459A /* Link Binary With Libraries */ = {
			isa = PBXFrameworksBuildPhase;
			buildActionMask = 2147483647;
			files = (
				840B6DDB1DD0656700FF70B6 /* libCaptionEditorView.dylib in Link Binary With Libraries */,
				840B6DB31DD011D800FF70B6 /* libMediaPlayerView.dylib in Link Binary With Libraries */,
				84EFA8F41DCD77F2001A6BC4 /* libNLEKey.dylib in Link Binary With Libraries */,
				84EFA8F21DCD778C001A6BC4 /* libCommonLib.dylib in Link Binary With Libraries */,
				84EFA8EE1DCD76AF001A6BC4 /* libNLEGUID.a in Link Binary With Libraries */,
				84EFA8EA1DCD7683001A6BC4 /* QtWidgets.framework in Link Binary With Libraries */,
				081281A09D1D623CB2C4D90F /* QtGui.framework in Link Binary With Libraries */,
				265F6BD3A22CF4F13D750D37 /* QtCore.framework in Link Binary With Libraries */,
				A99B2AA0F9CBBDD12BA126A4 /* DiskArbitration.framework in Link Binary With Libraries */,
				8D267F2E4776F0ECA2F49DC8 /* IOKit.framework in Link Binary With Libraries */,
				8771A8C96E9C391044035D99 /* OpenGL.framework in Link Binary With Libraries */,
				E45E51A644D5FC9F942ECE55 /* AGL.framework in Link Binary With Libraries */,
			);
			name = "Link Binary With Libraries";
			runOnlyForDeploymentPostprocessing = 0;
		};
/* End PBXFrameworksBuildPhase section */

/* Begin PBXGroup section */
		17192BC3C7B021078D58A10B /* TimelineManager */ = {
			isa = PBXGroup;
			children = (
				B5207011B5C1A61EB79358D3 /* ClipBase.cpp */,
				B1958E437A4896EADD16B722 /* Command.cpp */,
				595DE73A325821485783D010 /* ComplexClipController.cpp */,
				EE1DDDE4B7DF41765167524F /* OperatorBase.cpp */,
				7724D5E87662770BA7D0B3B9 /* ThumbnailExtractHelper.cpp */,
				ED53ED9B3EE596074D8873CB /* ThumbnailExtractor.cpp */,
				15AB9C7667E9BCF49F3DE7C2 /* TimelineManager.cpp */,
				10E8D1096E407E3575970E3B /* TrackBase.cpp */,
				4240DD8A48068AC09387F0A7 /* TrackManager.cpp */,
				814735F1B24F43E53CD5DCC5 /* ClipBase.h */,
				AA24021885A6CEC5FF145F75 /* Command.h */,
				BF0EDA162BD6782971B3C70C /* ComplexClipController.h */,
				C6CFB1A3F65514D4569C16D4 /* OperatorBase.h */,
				B7A3873AFCFDBD92168512A4 /* ThumbnailExtractHelper.h */,
				485C80D88AC22482A0309B69 /* ThumbnailExtractor.h */,
				487EBBFE8CCA2974AF1B455D /* TimelineManager.h */,
				762993C0A216AD71C0C9F167 /* TrackBase.h */,
				544FCEC11B91205E852BA799 /* TrackManager.h */,
				64307B0C161680386B9FC37E /* TypeDefine.h */,
			);
			name = TimelineManager;
			sourceTree = "<Group>";
		};
		25B08E2869634E9BCBA333A2 /* Generated Sources */ = {
			isa = PBXGroup;
			children = (
				8484068E1DE5452200FF7354 /* moc_ClipBase.cpp */,
				8484068F1DE5452200FF7354 /* moc_Command.cpp */,
				848406A61DE5458400FF7354 /* qrc_timelineview.cpp */,
				848406AB1DE5467500FF7354 /* moc_timelinecontrol.cpp */,
				848406901DE5452200FF7354 /* moc_ComplexClipController.cpp */,
				848406911DE5452200FF7354 /* moc_MediaCropDialog.cpp */,
				848406921DE5452200FF7354 /* moc_ThumbnailExtractHelper.cpp */,
				848406931DE5452200FF7354 /* moc_ThumbnailExtractor.cpp */,
				848406941DE5452200FF7354 /* moc_timelinecommon.cpp */,
				848406951DE5452200FF7354 /* moc_TimelineManager.cpp */,
				848406961DE5452200FF7354 /* moc_timelineviewprivate.cpp */,
				848406971DE5452200FF7354 /* moc_timelineviewtrack.cpp */,
				848406981DE5452200FF7354 /* moc_TrackBase.cpp */,
				848406991DE5452200FF7354 /* moc_TrackManager.cpp */,
				84D37F541DD558300095806B /* moc_TimelineView.cpp */,
			);
			name = "Generated Sources";
			sourceTree = "<Group>";
		};
		2EB56BE3C2D93CDAB0C52E67 /* Sources */ = {
			isa = PBXGroup;
			children = (
				68FA11628F940E75D85ADDFB /* timelineviewtrack.cpp */,
				848406A81DE5462E00FF7354 /* timelinecontrol.cpp */,
				848406A91DE5462E00FF7354 /* timelinecontrol.h */,
				0220C8ABFC787BC216277D41 /* main_test.cpp */,
				6FCE0DC9CDCA6796EF817139 /* stdafx.cpp */,
				421445AE939AB4D5588DB7AC /* timelinecommon.cpp */,
				8816F6576ED34B5136D507B2 /* timelineviewprivate.cpp */,
				17192BC3C7B021078D58A10B /* TimelineManager */,
				717D68084DA7CA4F8D5C7FBB /* Tools */,
				91E98CD5829C0996401AB249 /* timelineviewtrack.h */,
				D2FDE6FC40F732BC9101BB6A /* timelinecommon.h */,
				E0BC0B88491C95A06C2E381C /* timelineviewprivate.h */,
				739435AFF90B3580BBE5F63A /* stdafx.h */,
			);
			name = Sources;
			sourceTree = "<Group>";
		};
		717D68084DA7CA4F8D5C7FBB /* Tools */ = {
			isa = PBXGroup;
			children = (
				E908A0CDB467E0959AA18672 /* MediaCropDialog.cpp */,
				9A0466D9E302566BEA022528 /* MediaCropDialog.h */,
			);
			name = Tools;
			sourceTree = "<Group>";
		};
		74B182DB50CB5611B5C1C297 /* Supporting Files */ = {
			isa = PBXGroup;
			children = (
				3AA2F0ED153A6EDAAFF11AD4 /* TimelineView.pro */,
				AB745978DF0F41D1801ABDA6 /* .qmake.stash */,
			);
			name = "Supporting Files";
			sourceTree = "<Group>";
		};
		87DF60DE337FB58864343E39 /* Resources */ = {
			isa = PBXGroup;
			children = (
				7894A0DAC68A801BC22397DE /* timelineview.qrc */,
			);
			name = Resources;
			sourceTree = "<Group>";
		};
		AF39DD055C3EF8226FBE929D /* Frameworks */ = {
			isa = PBXGroup;
			children = (
				840B6DDA1DD0656700FF70B6 /* libCaptionEditorView.dylib */,
				840B6DB21DD011D800FF70B6 /* libMediaPlayerView.dylib */,
				84EFA8F31DCD77F2001A6BC4 /* libNLEKey.dylib */,
				84EFA8F11DCD778C001A6BC4 /* libCommonLib.dylib */,
				84EFA8EF1DCD7703001A6BC4 /* libMatterView.dylib */,
				84EFA8EB1DCD76AF001A6BC4 /* libNLECommon.dylib */,
				84EFA8EC1DCD76AF001A6BC4 /* libNLEGUID.a */,
				84EFA8E91DCD7683001A6BC4 /* QtWidgets.framework */,
				1F8E6A5DDD4C70F650CB9078 /* QtGui.framework */,
				319F7CEFD3DC3D982898F084 /* QtCore.framework */,
				2B774D8E4178765CE52EAAF5 /* DiskArbitration.framework */,
				A1A67BEAA744704B29168D39 /* IOKit.framework */,
				D4B32C2222F82AC56BADEB21 /* OpenGL.framework */,
				8D9815BDB5BD9F90D2BC05C5 /* AGL.framework */,
			);
			name = Frameworks;
			sourceTree = "<Group>";
		};
		E8C543AB96796ECAA2E65C57 /* TimelineView */ = {
			isa = PBXGroup;
			children = (
				2EB56BE3C2D93CDAB0C52E67 /* Sources */,
				25B08E2869634E9BCBA333A2 /* Generated Sources */,
				74B182DB50CB5611B5C1C297 /* Supporting Files */,
				87DF60DE337FB58864343E39 /* Resources */,
				AF39DD055C3EF8226FBE929D /* Frameworks */,
				FE0A091FDBFB3E9C31B7A1BD /* Products */,
			);
			name = TimelineView;
			sourceTree = "<Group>";
		};
		FE0A091FDBFB3E9C31B7A1BD /* Products */ = {
			isa = PBXGroup;
			children = (
				9C66A6C56F09AC3AF156B1E3 /* libTimelineView.dylib */,
			);
			name = Products;
			sourceTree = "<Group>";
		};
/* End PBXGroup section */

/* Begin PBXNativeTarget section */
		852A006F4EFAF69478E44171 /* libTimelineView */ = {
			isa = PBXNativeTarget;
			buildConfigurationList = 6CC3B5D2136C7CD6A5CF5A59 /* Build configuration list for PBXNativeTarget "libTimelineView" */;
			buildPhases = (
				84EFA8E61DCD75F1001A6BC4 /* ShellScript */,
				F7E50F631C51CD5B5DC0BC43 /* Compile Sources */,
				D1C883685E82D5676953459A /* Link Binary With Libraries */,
				840B6DC41DD032F300FF70B6 /* ShellScript */,
			);
			buildRules = (
			);
			dependencies = (
				BC761A517EA189AF468501EC /* PBXTargetDependency */,
			);
			name = libTimelineView;
			productName = libTimelineView;
			productReference = 9C66A6C56F09AC3AF156B1E3 /* libTimelineView.dylib */;
			productType = "com.apple.product-type.library.dynamic";
		};
/* End PBXNativeTarget section */

/* Begin PBXProject section */
		6DB9C3763D02B1415CD9D565 /* Project object */ = {
			isa = PBXProject;
			attributes = {
			};
			buildConfigurationList = DAC4C1AA5EDEA1C85E9CA5E6 /* Build configuration list for PBXProject "TimelineView" */;
			compatibilityVersion = "Xcode 3.2";
			developmentRegion = English;
			hasScannedForEncodings = 1;
			knownRegions = (
				en,
			);
			mainGroup = E8C543AB96796ECAA2E65C57 /* TimelineView */;
			productRefGroup = FE0A091FDBFB3E9C31B7A1BD /* Products */;
			projectDirPath = "";
			projectRoot = "";
			targets = (
				852A006F4EFAF69478E44171 /* libTimelineView */,
				1B411DA308884FBEBF6742D9 /* Qt Preprocess */,
			);
		};
/* End PBXProject section */

/* Begin PBXShellScriptBuildPhase section */
		5E618435888B9D49F8540165 /* Qt Qmake */ = {
			isa = PBXShellScriptBuildPhase;
			buildActionMask = 2147483647;
			files = (
			);
			name = "Qt Qmake";
			runOnlyForDeploymentPostprocessing = 0;
			shellPath = /bin/sh;
			shellScript = "";
		};
		7EF0942E79C014DCEC8976BC /* Qt Preprocessors */ = {
			isa = PBXShellScriptBuildPhase;
			buildActionMask = 2147483647;
			files = (
			);
			name = "Qt Preprocessors";
			runOnlyForDeploymentPostprocessing = 0;
			shellPath = /bin/sh;
			shellScript = "";
		};
		840B6DC41DD032F300FF70B6 /* ShellScript */ = {
			isa = PBXShellScriptBuildPhase;
			buildActionMask = 2147483647;
			files = (
			);
			inputPaths = (
			);
			outputPaths = (
			);
			runOnlyForDeploymentPostprocessing = 0;
			shellPath = /bin/sh;
			shellScript = "cp ./Debug/libTimelineView.dylib ../bin/Mac/Debug/";
		};
		84EFA8E61DCD75F1001A6BC4 /* ShellScript */ = {
			isa = PBXShellScriptBuildPhase;
			buildActionMask = 2147483647;
			files = (
			);
			inputPaths = (
			);
			outputPaths = (
			);
			runOnlyForDeploymentPostprocessing = 0;
			shellPath = /bin/sh;
			shellScript = "rm -f ../bin/mac/Debug/libTimelineView.dylib\n${QTDIR}/bin/moc ../include/inc_TimelineView/TimelineView.h -o ./GeneratedFiles/moc_TimelineView.cpp\n${QTDIR}/bin/rcc ./timelineview.qrc -o ./GeneratedFiles/qrc_timelineview.cpp\n${QTDIR}/bin/moc ./timelineviewtrack.h -o ./GeneratedFiles/moc_timelineviewtrack.cpp\n${QTDIR}/bin/moc ./timelinecommon.h -o ./GeneratedFiles/moc_timelinecommon.cpp\n${QTDIR}/bin/moc ./timelineviewprivate.h -o ./GeneratedFiles/moc_timelineviewprivate.cpp\n${QTDIR}/bin/moc ./timelinecontrol.h -o ./GeneratedFiles/moc_timelinecontrol.cpp\n${QTDIR}/bin/moc ./TimelineManager/ClipBase.h -o ./GeneratedFiles/moc_ClipBase.cpp\n${QTDIR}/bin/moc ./TimelineManager/Command.h -o ./GeneratedFiles/moc_Command.cpp\n${QTDIR}/bin/moc ./TimelineManager/ComplexClipController.h -o ./GeneratedFiles/moc_ComplexClipController.cpp\n${QTDIR}/bin/moc ./TimelineManager/ThumbnailExtractHelper.h -o ./GeneratedFiles/moc_ThumbnailExtractHelper.cpp\n${QTDIR}/bin/moc ./TimelineManager/ThumbnailExtractor.h -o ./GeneratedFiles/moc_ThumbnailExtractor.cpp\n${QTDIR}/bin/moc ./TimelineManager/TimelineManager.h -o ./GeneratedFiles/moc_TimelineManager.cpp\n${QTDIR}/bin/moc ./TimelineManager/TrackBase.h -o ./GeneratedFiles/moc_TrackBase.cpp\n${QTDIR}/bin/moc ./TimelineManager/TrackManager.h -o ./GeneratedFiles/moc_TrackManager.cpp\n${QTDIR}/bin/moc ./Tools/MediaCropDialog.h -o ./GeneratedFiles/moc_MediaCropDialog.cpp\n";
		};
/* End PBXShellScriptBuildPhase section */

/* Begin PBXSourcesBuildPhase section */
		F7E50F631C51CD5B5DC0BC43 /* Compile Sources */ = {
			isa = PBXSourcesBuildPhase;
			buildActionMask = 2147483647;
			files = (
				848406A21DE5452300FF7354 /* moc_timelineviewprivate.cpp in Compile Sources */,
				8484069C1DE5452200FF7354 /* moc_ComplexClipController.cpp in Compile Sources */,
				38C83E25FFFAE3CBD056EF40 /* timelineviewtrack.cpp in Compile Sources */,
				8484069A1DE5452200FF7354 /* moc_ClipBase.cpp in Compile Sources */,
				848406AA1DE5462E00FF7354 /* timelinecontrol.cpp in Compile Sources */,
				27E235813768ADB60E835BFC /* main_test.cpp in Compile Sources */,
				3AD84C1721CA290529601B0E /* stdafx.cpp in Compile Sources */,
				848406A41DE5452300FF7354 /* moc_TrackBase.cpp in Compile Sources */,
				848406A51DE5452300FF7354 /* moc_TrackManager.cpp in Compile Sources */,
				E36A901E139F623BA4AC0A47 /* timelinecommon.cpp in Compile Sources */,
				848406A01DE5452300FF7354 /* moc_timelinecommon.cpp in Compile Sources */,
				848406A71DE5458400FF7354 /* qrc_timelineview.cpp in Compile Sources */,
				AAC1992311EC0A91866D0CDD /* timelineviewprivate.cpp in Compile Sources */,
				848406A11DE5452300FF7354 /* moc_TimelineManager.cpp in Compile Sources */,
				84D37F611DD558300095806B /* moc_TimelineView.cpp in Compile Sources */,
				6F22C5629A8E1F19B2687443 /* ClipBase.cpp in Compile Sources */,
				B0B5586199543588C1055605 /* Command.cpp in Compile Sources */,
				490535D4B9056722F1D492F9 /* ComplexClipController.cpp in Compile Sources */,
				5E21795E61B1CE0EEFC87D77 /* OperatorBase.cpp in Compile Sources */,
				134696EBE8F9FDE823C1FBFE /* ThumbnailExtractHelper.cpp in Compile Sources */,
				8484069F1DE5452200FF7354 /* moc_ThumbnailExtractor.cpp in Compile Sources */,
				DDF153D2FDB59A2E6A660AE0 /* ThumbnailExtractor.cpp in Compile Sources */,
				8484069D1DE5452200FF7354 /* moc_MediaCropDialog.cpp in Compile Sources */,
				8484069E1DE5452200FF7354 /* moc_ThumbnailExtractHelper.cpp in Compile Sources */,
				3AF6843F27CDC4BEAA4FF4B8 /* TimelineManager.cpp in Compile Sources */,
				506DC4D35207020303824C06 /* TrackBase.cpp in Compile Sources */,
				C46E7F46C0EAEC4EA2998F51 /* TrackManager.cpp in Compile Sources */,
				848406A31DE5452300FF7354 /* moc_timelineviewtrack.cpp in Compile Sources */,
				848406AC1DE5467500FF7354 /* moc_timelinecontrol.cpp in Compile Sources */,
				097DBC33AEC224EE18E7D871 /* MediaCropDialog.cpp in Compile Sources */,
				8484069B1DE5452200FF7354 /* moc_Command.cpp in Compile Sources */,
			);
			name = "Compile Sources";
			runOnlyForDeploymentPostprocessing = 0;
		};
/* End PBXSourcesBuildPhase section */

/* Begin PBXTargetDependency section */
		BC761A517EA189AF468501EC /* PBXTargetDependency */ = {
			isa = PBXTargetDependency;
			target = 1B411DA308884FBEBF6742D9 /* Qt Preprocess */;
			targetProxy = 84EFA8E41DCD72EE001A6BC4 /* PBXContainerItemProxy */;
		};
/* End PBXTargetDependency section */

/* Begin XCBuildConfiguration section */
		339EE1B2CC4FC24589A0EA95 /* Release */ = {
			isa = XCBuildConfiguration;
			buildSettings = {
				ARCHS = x86_64;
				CC = /Applications/Xcode.app/Contents/Developer/Toolchains/XcodeDefault.xctoolchain/usr/bin/clang;
				COPY_PHASE_STRIP = YES;
				DYLIB_COMPATIBILITY_VERSION = 1.0;
				DYLIB_CURRENT_VERSION = 1.0.0;
				FRAMEWORK_SEARCH_PATHS = (
					/Users/admin/Qt5.4.1/5.4/clang_64/lib,
					/Users/admin/Qt5.4.1/5.4/clang_64/lib,
				);
				GCC_GENERATE_DEBUGGING_SYMBOLS = NO;
				GCC_VERSION = com.apple.compilers.llvm.clang.1_0;
				HEADER_SEARCH_PATHS = (
					.,
					.,
					TimelineManager,
					Tools,
					../../../../Qt5.4.1/5.4/clang_64/lib/QtGui.framework/Versions/5/Headers,
					../../../../Qt5.4.1/5.4/clang_64/lib/QtCore.framework/Versions/5/Headers,
					.,
					/Applications/Xcode.app/Contents/Developer/Platforms/MacOSX.platform/Developer/SDKs/MacOSX.sdk/System/Library/Frameworks/OpenGL.framework/Versions/A/Headers,
					/Applications/Xcode.app/Contents/Developer/Platforms/MacOSX.platform/Developer/SDKs/MacOSX10.12.sdk/System/Library/Frameworks/AGL.framework/Headers,
					"../../../../Qt5.4.1/5.4/clang_64/mkspecs/macx-clang",
				);
				INSTALL_PATH = "";
				LDPLUSPLUS = "/Applications/Xcode.app/Contents/Developer/Toolchains/XcodeDefault.xctoolchain/usr/bin/clang++";
				LIBRARY_SEARCH_PATHS = (
					/Users/admin/Qt5.4.1/5.4/clang_64/lib,
					/System/Library/Frameworks/,
				);
				MACOSX_DEPLOYMENT_TARGET = 10.7;
				OTHER_CFLAGS = (
					"-pipe",
					"-O2",
					"-Wall",
					"-W",
					"-fPIC",
					"-DQT_NO_DEBUG",
					"-DQT_GUI_LIB",
					"-DQT_CORE_LIB",
				);
				OTHER_CPLUSPLUSFLAGS = (
					"-pipe",
					"-O2",
					"-Wall",
					"-W",
					"-fPIC",
					"-DQT_NO_DEBUG",
					"-DQT_GUI_LIB",
					"-DQT_CORE_LIB",
				);
				OTHER_LDFLAGS = (
					"-headerpad_max_install_names",
					"-single_module",
					"-dynamiclib",
					"-compatibility_version",
					1.0,
					"-current_version",
					1.0.0,
					"-install_name",
					libTimelineView.1.dylib,
					"-F/Users/admin/Qt5.4.1/5.4/clang_64/lib",
				);
				PRODUCT_NAME = libTimelineView;
				QT_LIBRARY_SUFFIX = "";
				SDKROOT = macosx;
				SYMROOT = .;
			};
			name = Release;
		};
		3AA6C32AC930069E80220CF1 /* Debug */ = {
			isa = XCBuildConfiguration;
			buildSettings = {
				ARCHS = x86_64;
				CC = /Applications/Xcode.app/Contents/Developer/Toolchains/XcodeDefault.xctoolchain/usr/bin/clang;
				COPY_PHASE_STRIP = NO;
				DYLIB_COMPATIBILITY_VERSION = 1.0;
				DYLIB_CURRENT_VERSION = 1.0.0;
				FRAMEWORK_SEARCH_PATHS = (
					/Users/admin/Qt5.4.1/5.4/clang_64/lib,
					/Users/admin/Qt5.4.1/5.4/clang_64/lib,
				);
				GCC_GENERATE_DEBUGGING_SYMBOLS = YES;
				GCC_OPTIMIZATION_LEVEL = 0;
				GCC_VERSION = com.apple.compilers.llvm.clang.1_0;
				HEADER_SEARCH_PATHS = (
					.,
					.,
					TimelineManager,
					Tools,
					../../../../Qt5.4.1/5.4/clang_64/lib/QtGui.framework/Versions/5/Headers,
					../../../../Qt5.4.1/5.4/clang_64/lib/QtCore.framework/Versions/5/Headers,
					.,
					/Applications/Xcode.app/Contents/Developer/Platforms/MacOSX.platform/Developer/SDKs/MacOSX.sdk/System/Library/Frameworks/OpenGL.framework/Versions/A/Headers,
					/Applications/Xcode.app/Contents/Developer/Platforms/MacOSX.platform/Developer/SDKs/MacOSX10.12.sdk/System/Library/Frameworks/AGL.framework/Headers,
					"../../../../Qt5.4.1/5.4/clang_64/mkspecs/macx-clang",
				);
				INSTALL_PATH = "";
				LDPLUSPLUS = "/Applications/Xcode.app/Contents/Developer/Toolchains/XcodeDefault.xctoolchain/usr/bin/clang++";
				LIBRARY_SEARCH_PATHS = (
					/Users/admin/Qt5.4.1/5.4/clang_64/lib,
					/System/Library/Frameworks/,
				);
				MACOSX_DEPLOYMENT_TARGET = 10.7;
				OTHER_CFLAGS = (
					"-pipe",
					"-O2",
					"-Wall",
					"-W",
					"-fPIC",
					"-DQT_NO_DEBUG",
					"-DQT_GUI_LIB",
					"-DQT_CORE_LIB",
				);
				OTHER_CPLUSPLUSFLAGS = (
					"-pipe",
					"-O2",
					"-Wall",
					"-W",
					"-fPIC",
					"-DQT_NO_DEBUG",
					"-DQT_GUI_LIB",
					"-DQT_CORE_LIB",
				);
				OTHER_LDFLAGS = (
					"-headerpad_max_install_names",
					"-single_module",
					"-dynamiclib",
					"-compatibility_version",
					1.0,
					"-current_version",
					1.0.0,
					"-install_name",
					libTimelineView.1.dylib,
					"-F/Users/admin/Qt5.4.1/5.4/clang_64/lib",
				);
				PRODUCT_NAME = libTimelineView;
				QT_LIBRARY_SUFFIX = _debug;
				SDKROOT = macosx;
				SYMROOT = .;
			};
			name = Debug;
		};
		6666AA5E688052234F6758D8 /* Release */ = {
			isa = XCBuildConfiguration;
			buildSettings = {
				CLANG_CXX_LANGUAGE_STANDARD = "c++0x";
				CLANG_CXX_LIBRARY = "libc++";
				COPY_PHASE_STRIP = YES;
				DYLIB_INSTALL_NAME_BASE = "@executable_path";
				FRAMEWORK_SEARCH_PATHS = (
					"$(QTDIR)/lib",
					"$(QTDIR)/lib",
				);
				GCC_GENERATE_DEBUGGING_SYMBOLS = NO;
				GCC_PRECOMPILE_PREFIX_HEADER = YES;
				GCC_PREFIX_HEADER = stdafx.h;
				HEADER_SEARCH_PATHS = (
					.,
					.,
					TimelineManager,
					Tools,
					"$(QTDIR)/lib/QtGui.framework/Versions/5/Headers",
					"$(QTDIR)/lib/QtCore.framework/Versions/5/Headers",
					.,
					/Applications/Xcode.app/Contents/Developer/Platforms/MacOSX.platform/Developer/SDKs/MacOSX.sdk/System/Library/Frameworks/OpenGL.framework/Versions/A/Headers,
					/Applications/Xcode.app/Contents/Developer/Platforms/MacOSX.platform/Developer/SDKs/MacOSX10.12.sdk/System/Library/Frameworks/AGL.framework/Headers,
					"$(QTDIR)/mkspecs/macx-clang",
				);
				LIBRARY_SEARCH_PATHS = (
					"$(QTDIR)/lib",
					/System/Library/Frameworks/,
					"\"$(SRCROOT)/../bin/Mac/Debug\"",
				);
				LIBRARY_STYLE = DYNAMIC;
				OTHER_LDFLAGS = (
					"-headerpad_max_install_names",
					"-single_module",
					"-dynamiclib",
					"-compatibility_version",
					1.0,
					"-current_version",
					1.0.0,
					"-F/Users/admin/Qt5.4.1/5.4/clang_64/lib",
				);
				PRODUCT_NAME = libTimelineView;
				QTDIR = /Users/admin/Qt5.4.1/5.4/clang_64;
				QT_LIBRARY_SUFFIX = "";
				SDKROOT = macosx;
				USER_HEADER_SEARCH_PATHS = "../include ../include/inc_commonlib ../include/inc_timelimeview ../include/inc_matterview ../inc ../inc/interface ../inc/include ../inc/mac ../inc/shared ../inc/externlib/multimediasdk/interface/c++/type ../inc/externlib/multimediasdk/interface/c++/common ../inc/include/nlepropcomptr";
			};
			name = Release;
		};
		77418F46922677BB04ED38DD /* Debug */ = {
			isa = XCBuildConfiguration;
			buildSettings = {
				CLANG_CXX_LANGUAGE_STANDARD = "c++0x";
				CLANG_CXX_LIBRARY = "libc++";
				COPY_PHASE_STRIP = NO;
				DYLIB_INSTALL_NAME_BASE = "@executable_path";
				FRAMEWORK_SEARCH_PATHS = (
					"$(QTDIR)/lib",
					"$(QTDIR)/lib",
				);
				GCC_GENERATE_DEBUGGING_SYMBOLS = YES;
				GCC_OPTIMIZATION_LEVEL = 0;
				GCC_PRECOMPILE_PREFIX_HEADER = YES;
				GCC_PREFIX_HEADER = stdafx.h;
				HEADER_SEARCH_PATHS = (
					.,
					.,
					TimelineManager,
					Tools,
					"$(QTDIR)/lib/QtGui.framework/Versions/5/Headers",
					"$(QTDIR)/lib/QtCore.framework/Versions/5/Headers",
					.,
					/Applications/Xcode.app/Contents/Developer/Platforms/MacOSX.platform/Developer/SDKs/MacOSX.sdk/System/Library/Frameworks/OpenGL.framework/Versions/A/Headers,
					/Applications/Xcode.app/Contents/Developer/Platforms/MacOSX.platform/Developer/SDKs/MacOSX10.12.sdk/System/Library/Frameworks/AGL.framework/Headers,
					"$(QTDIR)/mkspecs/macx-clang",
				);
				LIBRARY_SEARCH_PATHS = (
					"$(QTDIR)/lib",
					/System/Library/Frameworks/,
					"\"$(SRCROOT)/../bin/Mac/Debug\"",
				);
				LIBRARY_STYLE = DYNAMIC;
				OTHER_LDFLAGS = (
					"-headerpad_max_install_names",
					"-single_module",
					"-dynamiclib",
					"-compatibility_version",
					1.0,
					"-current_version",
					1.0.0,
					"-F/Users/admin/Qt5.4.1/5.4/clang_64/lib",
				);
				PRODUCT_NAME = libTimelineView;
				QTDIR = /Users/admin/Qt5.4.1/5.4/clang_64;
				QT_LIBRARY_SUFFIX = _debug;
				SDKROOT = macosx;
				USER_HEADER_SEARCH_PATHS = "../include ../include/inc_commonlib ../include/inc_timelimeview ../include/inc_matterview ../inc ../inc/interface ../inc/include ../inc/mac ../inc/shared ../inc/externlib/multimediasdk/interface/c++/type ../inc/externlib/multimediasdk/interface/c++/common ../inc/include/nlepropcomptr";
			};
			name = Debug;
		};
/* End XCBuildConfiguration section */

/* Begin XCConfigurationList section */
		6CC3B5D2136C7CD6A5CF5A59 /* Build configuration list for PBXNativeTarget "libTimelineView" */ = {
			isa = XCConfigurationList;
			buildConfigurations = (
				77418F46922677BB04ED38DD /* Debug */,
				6666AA5E688052234F6758D8 /* Release */,
			);
			defaultConfigurationIsVisible = 0;
			defaultConfigurationName = Release;
		};
		DAC4C1AA5EDEA1C85E9CA5E6 /* Build configuration list for PBXProject "TimelineView" */ = {
			isa = XCConfigurationList;
			buildConfigurations = (
				3AA6C32AC930069E80220CF1 /* Debug */,
				339EE1B2CC4FC24589A0EA95 /* Release */,
			);
			defaultConfigurationIsVisible = 0;
			defaultConfigurationName = Release;
		};
/* End XCConfigurationList section */
	};
	rootObject = 6DB9C3763D02B1415CD9D565 /* Project object */;
}
