<?xml version="1.0" encoding="utf-8"?>
<Project ToolsVersion="4.0" xmlns="http://schemas.microsoft.com/developer/msbuild/2003">
  <ItemGroup>
    <Filter Include="Source Files">
      <UniqueIdentifier>{4FC737F1-C7A5-4376-A066-2A32D752A2FF}</UniqueIdentifier>
      <Extensions>cpp;cxx;c;def</Extensions>
    </Filter>
    <Filter Include="Header Files">
      <UniqueIdentifier>{93995380-89BD-4b04-88EB-625FBE52EBFB}</UniqueIdentifier>
      <Extensions>h</Extensions>
    </Filter>
    <Filter Include="Form Files">
      <UniqueIdentifier>{99349809-55BA-4b9d-BF79-8FDBB0286EB3}</UniqueIdentifier>
      <Extensions>ui</Extensions>
    </Filter>
    <Filter Include="Resource Files">
      <UniqueIdentifier>{D9D6E242-F8AF-46E4-B9FD-80ECBC20BA3E}</UniqueIdentifier>
      <Extensions>qrc;*</Extensions>
      <ParseFiles>false</ParseFiles>
    </Filter>
    <Filter Include="Generated Files">
      <UniqueIdentifier>{71ED8ED8-ACB9-4CE9-BBE1-E00B30144E11}</UniqueIdentifier>
      <Extensions>moc;h;cpp</Extensions>
      <SourceControlFiles>False</SourceControlFiles>
    </Filter>
    <Filter Include="Generated Files\Debug">
      <UniqueIdentifier>{f7ff552e-1097-44ee-930f-70cc9c20e47b}</UniqueIdentifier>
      <Extensions>cpp;moc</Extensions>
      <SourceControlFiles>False</SourceControlFiles>
    </Filter>
    <Filter Include="Generated Files\Release">
      <UniqueIdentifier>{c6e92592-3224-4a05-a256-d9bc75e587db}</UniqueIdentifier>
      <Extensions>cpp;moc</Extensions>
      <SourceControlFiles>False</SourceControlFiles>
    </Filter>
    <Filter Include="TimelineManager">
      <UniqueIdentifier>{629d56d5-9a65-4538-a414-077e659f5c19}</UniqueIdentifier>
    </Filter>
    <Filter Include="Interfaces">
      <UniqueIdentifier>{d45ea511-7773-4d84-bd2d-953e1229e4ff}</UniqueIdentifier>
    </Filter>
    <Filter Include="Tools">
      <UniqueIdentifier>{8341df77-2a2c-4565-b53a-ca272fe21c32}</UniqueIdentifier>
    </Filter>
  </ItemGroup>
  <ItemGroup>
    <ClCompile Include="stdafx.cpp">
      <Filter>Source Files</Filter>
    </ClCompile>
    <ClCompile Include="TimelineManager\ClipBase.cpp">
      <Filter>TimelineManager</Filter>
    </ClCompile>
    <ClCompile Include="TimelineManager\TrackBase.cpp">
      <Filter>TimelineManager</Filter>
    </ClCompile>
    <ClCompile Include="TimelineManager\TrackManager.cpp">
      <Filter>TimelineManager</Filter>
    </ClCompile>
    <ClCompile Include="TimelineManager\Command.cpp">
      <Filter>TimelineManager</Filter>
    </ClCompile>
    <ClCompile Include="TimelineManager\OperatorBase.cpp">
      <Filter>TimelineManager</Filter>
    </ClCompile>
    <ClCompile Include="timelineviewprivate.cpp">
      <Filter>Source Files</Filter>
    </ClCompile>
    <ClCompile Include="timelineviewtrack.cpp">
      <Filter>Source Files</Filter>
    </ClCompile>
    <ClCompile Include="GeneratedFiles\qrc_timelineview.cpp">
      <Filter>Generated Files</Filter>
    </ClCompile>
    <ClCompile Include="TimelineManager\ComplexClipController.cpp">
      <Filter>TimelineManager</Filter>
    </ClCompile>
    <ClCompile Include="timelinecommon.cpp">
      <Filter>Source Files</Filter>
    </ClCompile>
    <ClCompile Include="TimelineManager\ThumbnailExtractor.cpp">
      <Filter>TimelineManager</Filter>
    </ClCompile>
    <ClCompile Include="TimelineManager\ThumbnailExtractHelper.cpp">
      <Filter>TimelineManager</Filter>
    </ClCompile>
    <ClCompile Include="TimelineManager\TimelineManager.cpp">
      <Filter>TimelineManager</Filter>
    </ClCompile>
    <ClCompile Include="GeneratedFiles\Debug\moc_Command.cpp">
      <Filter>Generated Files\Debug</Filter>
    </ClCompile>
    <ClCompile Include="GeneratedFiles\Release\moc_Command.cpp">
      <Filter>Generated Files\Release</Filter>
    </ClCompile>
    <ClCompile Include="GeneratedFiles\Debug\moc_ComplexClipController.cpp">
      <Filter>Generated Files\Debug</Filter>
    </ClCompile>
    <ClCompile Include="GeneratedFiles\Release\moc_ComplexClipController.cpp">
      <Filter>Generated Files\Release</Filter>
    </ClCompile>
    <ClCompile Include="GeneratedFiles\Debug\moc_ThumbnailExtractHelper.cpp">
      <Filter>Generated Files\Debug</Filter>
    </ClCompile>
    <ClCompile Include="GeneratedFiles\Release\moc_ThumbnailExtractHelper.cpp">
      <Filter>Generated Files\Release</Filter>
    </ClCompile>
    <ClCompile Include="GeneratedFiles\Debug\moc_ThumbnailExtractor.cpp">
      <Filter>Generated Files\Debug</Filter>
    </ClCompile>
    <ClCompile Include="GeneratedFiles\Release\moc_ThumbnailExtractor.cpp">
      <Filter>Generated Files\Release</Filter>
    </ClCompile>
    <ClCompile Include="GeneratedFiles\Debug\moc_TimelineManager.cpp">
      <Filter>Generated Files\Debug</Filter>
    </ClCompile>
    <ClCompile Include="GeneratedFiles\Release\moc_TimelineManager.cpp">
      <Filter>Generated Files\Release</Filter>
    </ClCompile>
    <ClCompile Include="GeneratedFiles\Debug\moc_TrackBase.cpp">
      <Filter>Generated Files\Debug</Filter>
    </ClCompile>
    <ClCompile Include="GeneratedFiles\Release\moc_TrackBase.cpp">
      <Filter>Generated Files\Release</Filter>
    </ClCompile>
    <ClCompile Include="GeneratedFiles\Debug\moc_TrackManager.cpp">
      <Filter>Generated Files\Debug</Filter>
    </ClCompile>
    <ClCompile Include="GeneratedFiles\Release\moc_TrackManager.cpp">
      <Filter>Generated Files\Release</Filter>
    </ClCompile>
    <ClCompile Include="GeneratedFiles\Debug\moc_TimelineView.cpp">
      <Filter>Generated Files\Debug</Filter>
    </ClCompile>
    <ClCompile Include="GeneratedFiles\Release\moc_TimelineView.cpp">
      <Filter>Generated Files\Release</Filter>
    </ClCompile>
    <ClCompile Include="GeneratedFiles\Debug\moc_ClipBase.cpp">
      <Filter>Generated Files\Debug</Filter>
    </ClCompile>
    <ClCompile Include="GeneratedFiles\Release\moc_ClipBase.cpp">
      <Filter>Generated Files\Release</Filter>
    </ClCompile>
    <ClCompile Include="GeneratedFiles\Debug\moc_timelinecommon.cpp">
      <Filter>Generated Files\Debug</Filter>
    </ClCompile>
    <ClCompile Include="GeneratedFiles\Release\moc_timelinecommon.cpp">
      <Filter>Generated Files\Release</Filter>
    </ClCompile>
    <ClCompile Include="GeneratedFiles\Debug\moc_timelineviewprivate.cpp">
      <Filter>Generated Files\Debug</Filter>
    </ClCompile>
    <ClCompile Include="GeneratedFiles\Release\moc_timelineviewprivate.cpp">
      <Filter>Generated Files\Release</Filter>
    </ClCompile>
    <ClCompile Include="GeneratedFiles\Debug\moc_timelineviewtrack.cpp">
      <Filter>Generated Files\Debug</Filter>
    </ClCompile>
    <ClCompile Include="GeneratedFiles\Release\moc_timelineviewtrack.cpp">
      <Filter>Generated Files\Release</Filter>
    </ClCompile>
    <ClCompile Include="Tools\MediaCropDialog.cpp">
      <Filter>Tools</Filter>
    </ClCompile>
    <ClCompile Include="GeneratedFiles\Debug\moc_MediaCropDialog.cpp">
      <Filter>Generated Files\Debug</Filter>
    </ClCompile>
    <ClCompile Include="GeneratedFiles\Release\moc_MediaCropDialog.cpp">
      <Filter>Generated Files\Release</Filter>
    </ClCompile>
    <ClCompile Include="timelinecontrol.cpp">
      <Filter>Source Files</Filter>
    </ClCompile>
    <ClCompile Include="GeneratedFiles\Debug\moc_timelinecontrol.cpp">
      <Filter>Generated Files\Debug</Filter>
    </ClCompile>
    <ClCompile Include="GeneratedFiles\Release\moc_timelinecontrol.cpp">
      <Filter>Generated Files\Release</Filter>
    </ClCompile>
  </ItemGroup>
  <ItemGroup>
    <ClInclude Include="stdafx.h">
      <Filter>Header Files</Filter>
    </ClInclude>
    <ClInclude Include="..\include\inc_TimelineView\timelineview_global.h">
      <Filter>Interfaces</Filter>
    </ClInclude>
    <ClInclude Include="TimelineManager\OperatorBase.h">
      <Filter>TimelineManager</Filter>
    </ClInclude>
    <ClInclude Include="TimelineManager\TypeDefine.h">
      <Filter>TimelineManager</Filter>
    </ClInclude>
  </ItemGroup>
  <ItemGroup>
    <CustomBuild Include="timelineview.qrc">
      <Filter>Resource Files</Filter>
    </CustomBuild>
    <CustomBuild Include="TimelineManager\Command.h">
      <Filter>TimelineManager</Filter>
    </CustomBuild>
    <CustomBuild Include="TimelineManager\ComplexClipController.h">
      <Filter>TimelineManager</Filter>
    </CustomBuild>
    <CustomBuild Include="TimelineManager\ThumbnailExtractHelper.h">
      <Filter>TimelineManager</Filter>
    </CustomBuild>
    <CustomBuild Include="TimelineManager\ThumbnailExtractor.h">
      <Filter>TimelineManager</Filter>
    </CustomBuild>
    <CustomBuild Include="TimelineManager\TimelineManager.h">
      <Filter>TimelineManager</Filter>
    </CustomBuild>
    <CustomBuild Include="TimelineManager\TrackBase.h">
      <Filter>TimelineManager</Filter>
    </CustomBuild>
    <CustomBuild Include="TimelineManager\TrackManager.h">
      <Filter>TimelineManager</Filter>
    </CustomBuild>
    <CustomBuild Include="..\include\inc_TimelineView\TimelineView.h">
      <Filter>Interfaces</Filter>
    </CustomBuild>
    <CustomBuild Include="TimelineManager\ClipBase.h">
      <Filter>TimelineManager</Filter>
    </CustomBuild>
    <CustomBuild Include="timelinecommon.h">
      <Filter>Header Files</Filter>
    </CustomBuild>
    <CustomBuild Include="timelineviewprivate.h">
      <Filter>Header Files</Filter>
    </CustomBuild>
    <CustomBuild Include="timelineviewtrack.h">
      <Filter>Header Files</Filter>
    </CustomBuild>
    <CustomBuild Include="Tools\MediaCropDialog.h">
      <Filter>Tools</Filter>
    </CustomBuild>
    <CustomBuild Include="timelinecontrol.h">
      <Filter>Header Files</Filter>
    </CustomBuild>
  </ItemGroup>
</Project>